<?xml version="1.0"?>
<CONFIG>
  <ProjectOptions>
    <PathDelim Value="\"/>
    <Version Value="5"/>
    <General>
      <MainUnit Value="0"/>
      <IconPath Value="./"/>
      <TargetFileExt Value=".exe"/>
    </General>
    <Units Count="7">
      <Unit0>
        <CursorPos X="1" Y="1"/>
        <Filename Value="Server.dpr"/>
        <IsPartOfProject Value="True"/>
        <TopLine Value="1"/>
        <UnitName Value="Server"/>
        <UsageCount Value="20"/>
      </Unit0>
      <Unit1>
        <CursorPos X="7" Y="328"/>
        <Filename Value="fMain.pas"/>
        <ComponentName Value="frmMain"/>
        <HasResources Value="True"/>
        <ResourceFilename Value="fmain.lrs"/>
        <TopLine Value="284"/>
        <UnitName Value="fMain"/>
        <UsageCount Value="10"/>
      </Unit1>
      <Unit2>
        <CursorPos X="6" Y="7"/>
        <Filename Value="D:\indy9\indy9\ElizaWeb\Main.pas"/>
        <ComponentName Value="Form1"/>
        <HasResources Value="True"/>
        <ResourceFilename Value="D:\indy9\indy9\ElizaWeb\main.lrs"/>
        <TopLine Value="1"/>
        <UnitName Value="Main"/>
        <UsageCount Value="10"/>
      </Unit2>
      <Unit3>
        <CursorPos X="2" Y="17"/>
        <Filename Value="D:\indy9\indy9\done\IdBaseComponent.pas"/>
        <TopLine Value="1"/>
        <UnitName Value="IdBaseComponent"/>
        <UsageCount Value="10"/>
      </Unit3>
      <Unit4>
        <CursorPos X="4" Y="67"/>
        <Filename Value="D:\work\lazarus\lcl\CheckLst.pas"/>
        <TopLine Value="38"/>
        <UnitName Value="CheckLst"/>
        <UsageCount Value="10"/>
      </Unit4>
      <Unit5>
        <CursorPos X="28" Y="315"/>
        <Filename Value="D:\indy9\indy9\done\IdTCPServer.pas"/>
        <TopLine Value="292"/>
        <UnitName Value="IdTCPServer"/>
        <UsageCount Value="10"/>
      </Unit5>
      <Unit6>
        <CursorPos X="3" Y="60"/>
        <Filename Value="D:\indy9\indy9\done\IdRFCReply.pas"/>
        <TopLine Value="37"/>
        <UnitName Value="IdRFCReply"/>
        <UsageCount Value="10"/>
      </Unit6>
    </Units>
    <PublishOptions>
      <Version Value="2"/>
      <IgnoreBinaries Value="False"/>
      <IncludeFileFilter Value="*.(pas|pp|inc|lfm|lpr|lrs|lpi|lpk|sh|xml)"/>
      <ExcludeFileFilter Value="*.(bak|ppu|ppw|o|so);*~;backup"/>
    </PublishOptions>
    <RunParams>
      <local>
        <FormatVersion Value="1"/>
        <LaunchingApplication PathPlusParams="/usr/X11R6/bin/xterm -T 'Lazarus Run Output' -e $(LazarusDir)/tools/runwait.sh $(TargetCmdLine)"/>
      </local>
    </RunParams>
    <RequiredPackages Count="1">
      <Item1>
        <PackageName Value="LCL"/>
      </Item1>
    </RequiredPackages>
    <JumpHistory Count="0" HistoryIndex="-1"/>
  </ProjectOptions>
  <CompilerOptions>
    <Version Value="5"/>
    <PathDelim Value="\"/>
    <SearchPaths>
      <IncludeFiles Value="d:\indy9\indy9libsrc\"/>
      <OtherUnitFiles Value="d:\indy9\indy9libsrc\"/>
      <SrcPath Value="$(LazarusDir)\lcl\;$(LazarusDir)\lcl\interfaces\$(LCLWidgetType)\"/>
    </SearchPaths>
    <Parsing>
      <SyntaxOptions>
        <D2Extensions Value="False"/>
        <DelphiCompat Value="True"/>
      </SyntaxOptions>
    </Parsing>
    <CodeGeneration>
      <Generate Value="Faster"/>
    </CodeGeneration>
    <Linking>
      <Options>
        <Win32>
          <GraphicApplication Value="True"/>
        </Win32>
      </Options>
    </Linking>
    <Other>
      <CompilerPath Value="$(CompPath)"/>
    </Other>
  </CompilerOptions>
  <Debugging>
    <Exceptions Count="2">
      <Item1>
        <Name Value="ECodetoolError"/>
      </Item1>
      <Item2>
        <Name Value="EFOpenError"/>
      </Item2>
    </Exceptions>
  </Debugging>
</CONFIG>
