<?xml version="1.0"?>
<CONFIG>
  <ProjectOptions>
    <PathDelim Value="\"/>
    <Version Value="5"/>
    <General>
      <MainUnit Value="0"/>
      <IconPath Value="./"/>
      <TargetFileExt Value=".exe"/>
      <ActiveEditorIndexAtStart Value="1"/>
    </General>
    <Units Count="3">
      <Unit0>
        <CursorPos X="1" Y="24"/>
        <EditorIndex Value="0"/>
        <Filename Value="FingerServer.dpr"/>
        <IsPartOfProject Value="True"/>
        <Loaded Value="True"/>
        <TopLine Value="1"/>
        <UsageCount Value="20"/>
      </Unit0>
      <Unit1>
        <CursorPos X="3" Y="119"/>
        <EditorIndex Value="1"/>
        <Filename Value="mainform.pas"/>
        <ComponentName Value="frmFingerServer"/>
        <HasResources Value="True"/>
        <Loaded Value="True"/>
        <ResourceFilename Value="mainform.lrs"/>
        <TopLine Value="95"/>
        <UnitName Value="mainform"/>
        <UsageCount Value="10"/>
      </Unit1>
      <Unit2>
        <CursorPos X="1" Y="1"/>
        <EditorIndex Value="2"/>
        <Filename Value="mainform.lfm"/>
        <Loaded Value="True"/>
        <SyntaxHighlighter Value="LFM"/>
        <TopLine Value="1"/>
        <UsageCount Value="10"/>
      </Unit2>
    </Units>
    <PublishOptions>
      <Version Value="2"/>
      <IgnoreBinaries Value="False"/>
      <IncludeFileFilter Value="*.(pas|pp|inc|lfm|lpr|lrs|lpi|lpk|sh|xml)"/>
      <ExcludeFileFilter Value="*.(bak|ppu|ppw|o|so);*~;backup"/>
    </PublishOptions>
    <RunParams>
      <local>
        <FormatVersion Value="1"/>
        <LaunchingApplication PathPlusParams="/usr/X11R6/bin/xterm -T 'Lazarus Run Output' -e $(LazarusDir)/tools/runwait.sh $(TargetCmdLine)"/>
      </local>
    </RunParams>
    <RequiredPackages Count="1">
      <Item1>
        <PackageName Value="LCL"/>
      </Item1>
    </RequiredPackages>
    <JumpHistory Count="3" HistoryIndex="2">
      <Position1>
        <Filename Value="mainform.pas"/>
        <Caret Line="127" Column="21" TopLine="104"/>
      </Position1>
      <Position2>
        <Filename Value="mainform.pas"/>
        <Caret Line="128" Column="36" TopLine="104"/>
      </Position2>
      <Position3>
        <Filename Value="mainform.pas"/>
        <Caret Line="118" Column="5" TopLine="95"/>
      </Position3>
    </JumpHistory>
  </ProjectOptions>
  <CompilerOptions>
    <Version Value="5"/>
    <PathDelim Value="\"/>
    <SearchPaths>
      <IncludeFiles Value="d:\indy9\indy9libsrc\"/>
      <OtherUnitFiles Value="d:\indy9\indy9libsrc\"/>
      <SrcPath Value="$(LazarusDir)\lcl\;$(LazarusDir)\lcl\interfaces\$(LCLWidgetType)\"/>
    </SearchPaths>
    <Parsing>
      <SyntaxOptions>
        <D2Extensions Value="False"/>
        <DelphiCompat Value="True"/>
      </SyntaxOptions>
    </Parsing>
    <CodeGeneration>
      <Generate Value="Faster"/>
    </CodeGeneration>
    <Linking>
      <Options>
        <Win32>
          <GraphicApplication Value="True"/>
        </Win32>
      </Options>
    </Linking>
    <Other>
      <CompilerPath Value="$(CompPath)"/>
    </Other>
  </CompilerOptions>
  <Debugging>
    <BreakPoints Count="1">
      <Item1>
        <Source Value="D:\indy9\indy9\done\idmessage.pas"/>
        <Line Value="56"/>
      </Item1>
    </BreakPoints>
    <Exceptions Count="2">
      <Item1>
        <Name Value="ECodetoolError"/>
      </Item1>
      <Item2>
        <Name Value="EFOpenError"/>
      </Item2>
    </Exceptions>
  </Debugging>
</CONFIG>
